
Microsoft Visual Studio Solution File, Format Version 12.00
# Visual Studio Version 16
VisualStudioVersion = 25.0.1703.0
MinimumVisualStudioVersion = 10.0.40219.1
Project("{FAE04EC0-301F-11D3-BF4B-00C04F79EFBC}") = "TestSolutionCICD", "TestSolutionCICD\TestSolutionCICD.csproj", "{E199A060-AE4E-4E40-B877-F829942B2A27}"
EndProject
Project("{FAE04EC0-301F-11D3-BF4B-00C04F79EFBC}") = "TestSolutionCICDTests", "TestSolutionCICDTests\TestSolutionCICDTests.csproj", "{8E06C5A8-A9F0-42A7-9A29-BB1A34DEA023}"
EndProject
Global
	GlobalSection(SolutionConfigurationPlatforms) = preSolution
		Debug|Any CPU = Debug|Any CPU
		Release|Any CPU = Release|Any CPU
	EndGlobalSection
	GlobalSection(ProjectConfigurationPlatforms) = postSolution
		{E199A060-AE4E-4E40-B877-F829942B2A27}.Debug|Any CPU.ActiveCfg = Debug|Any CPU
		{E199A060-AE4E-4E40-B877-F829942B2A27}.Debug|Any CPU.Build.0 = Debug|Any CPU
		{E199A060-AE4E-4E40-B877-F829942B2A27}.Release|Any CPU.ActiveCfg = Release|Any CPU
		{E199A060-AE4E-4E40-B877-F829942B2A27}.Release|Any CPU.Build.0 = Release|Any CPU
		{8E06C5A8-A9F0-42A7-9A29-BB1A34DEA023}.Debug|Any CPU.ActiveCfg = Debug|Any CPU
		{8E06C5A8-A9F0-42A7-9A29-BB1A34DEA023}.Debug|Any CPU.Build.0 = Debug|Any CPU
		{8E06C5A8-A9F0-42A7-9A29-BB1A34DEA023}.Release|Any CPU.ActiveCfg = Release|Any CPU
		{8E06C5A8-A9F0-42A7-9A29-BB1A34DEA023}.Release|Any CPU.Build.0 = Release|Any CPU
	EndGlobalSection
	GlobalSection(SolutionProperties) = preSolution
		HideSolutionNode = FALSE
	EndGlobalSection
	GlobalSection(ExtensibilityGlobals) = postSolution
		SolutionGuid = {81699851-300E-4A1F-A0B9-DC5F795AA1E3}
	EndGlobalSection
EndGlobal
